
Microsoft Visual Studio Solution File, Format Version 12.00
# Visual Studio 15
VisualStudioVersion = 15.0.27703.2042
MinimumVisualStudioVersion = 10.0.40219.1
Project("{9A19103F-16F7-4668-BE54-9A1E7A4F7556}") = "CLFlux", "CLFlux\CLFlux.csproj", "{8AF87299-5BAE-4AE4-8DC5-C5BBA7F0145E}"
EndProject
Project("{FAE04EC0-301F-11D3-BF4B-00C04F79EFBC}") = "CLFlux.Test", "CLFlux.Test\CLFlux.Test.csproj", "{C2029ADD-70E9-4372-A698-E752935A7ACA}"
EndProject
Global
	GlobalSection(SolutionConfigurationPlatforms) = preSolution
		Debug|Any CPU = Debug|Any CPU
		Release|Any CPU = Release|Any CPU
	EndGlobalSection
	GlobalSection(ProjectConfigurationPlatforms) = postSolution
		{8AF87299-5BAE-4AE4-8DC5-C5BBA7F0145E}.Debug|Any CPU.ActiveCfg = Debug|Any CPU
		{8AF87299-5BAE-4AE4-8DC5-C5BBA7F0145E}.Debug|Any CPU.Build.0 = Debug|Any CPU
		{8AF87299-5BAE-4AE4-8DC5-C5BBA7F0145E}.Release|Any CPU.ActiveCfg = Release|Any CPU
		{8AF87299-5BAE-4AE4-8DC5-C5BBA7F0145E}.Release|Any CPU.Build.0 = Release|Any CPU
		{C2029ADD-70E9-4372-A698-E752935A7ACA}.Debug|Any CPU.ActiveCfg = Debug|Any CPU
		{C2029ADD-70E9-4372-A698-E752935A7ACA}.Debug|Any CPU.Build.0 = Debug|Any CPU
		{C2029ADD-70E9-4372-A698-E752935A7ACA}.Release|Any CPU.ActiveCfg = Release|Any CPU
		{C2029ADD-70E9-4372-A698-E752935A7ACA}.Release|Any CPU.Build.0 = Release|Any CPU
	EndGlobalSection
	GlobalSection(SolutionProperties) = preSolution
		HideSolutionNode = FALSE
	EndGlobalSection
	GlobalSection(ExtensibilityGlobals) = postSolution
		SolutionGuid = {0A3A0B2E-87EF-4318-96C0-1A3418B29101}
	EndGlobalSection
EndGlobal
